// !$*UTF8*$!
{
	archiveVersion = 1;
	classes = {
	};
	objectVersion = 50;
	objects = {

/* Begin PBXBuildFile section */
		BD638525237DD386009E9142 /* AppDelegate.swift in Sources */ = {isa = PBXBuildFile; fileRef = BD638524237DD386009E9142 /* AppDelegate.swift */; };
		BD638527237DD386009E9142 /* SceneDelegate.swift in Sources */ = {isa = PBXBuildFile; fileRef = BD638526237DD386009E9142 /* SceneDelegate.swift */; };
		BD638529237DD386009E9142 /* ViewController.swift in Sources */ = {isa = PBXBuildFile; fileRef = BD638528237DD386009E9142 /* ViewController.swift */; };
		BD63852C237DD386009E9142 /* Main.storyboard in Resources */ = {isa = PBXBuildFile; fileRef = BD63852A237DD386009E9142 /* Main.storyboard */; };
		BD63852E237DD389009E9142 /* Assets.xcassets in Resources */ = {isa = PBXBuildFile; fileRef = BD63852D237DD389009E9142 /* Assets.xcassets */; };
		BD638531237DD389009E9142 /* LaunchScreen.storyboard in Resources */ = {isa = PBXBuildFile; fileRef = BD63852F237DD389009E9142 /* LaunchScreen.storyboard */; };
		BD63853C237DD389009E9142 /* iOS9_ReviewMemoryTests.swift in Sources */ = {isa = PBXBuildFile; fileRef = BD63853B237DD389009E9142 /* iOS9_ReviewMemoryTests.swift */; };
/* End PBXBuildFile section */

/* Begin PBXContainerItemProxy section */
		BD638538237DD389009E9142 /* PBXContainerItemProxy */ = {
			isa = PBXContainerItemProxy;
			containerPortal = BD638519237DD386009E9142 /* Project object */;
			proxyType = 1;
			remoteGlobalIDString = BD638520237DD386009E9142;
			remoteInfo = "iOS9-ReviewMemory";
		};
/* End PBXContainerItemProxy section */

/* Begin PBXFileReference section */
		BD638521237DD386009E9142 /* iOS9-ReviewMemory.app */ = {isa = PBXFileReference; explicitFileType = wrapper.application; includeInIndex = 0; path = "iOS9-ReviewMemory.app"; sourceTree = BUILT_PRODUCTS_DIR; };
		BD638524237DD386009E9142 /* AppDelegate.swift */ = {isa = PBXFileReference; lastKnownFileType = sourcecode.swift; path = AppDelegate.swift; sourceTree = "<group>"; };
		BD638526237DD386009E9142 /* SceneDelegate.swift */ = {isa = PBXFileReference; lastKnownFileType = sourcecode.swift; path = SceneDelegate.swift; sourceTree = "<group>"; };
		BD638528237DD386009E9142 /* ViewController.swift */ = {isa = PBXFileReference; lastKnownFileType = sourcecode.swift; path = ViewController.swift; sourceTree = "<group>"; };
		BD63852B237DD386009E9142 /* Base */ = {isa = PBXFileReference; lastKnownFileType = file.storyboard; name = Base; path = Base.lproj/Main.storyboard; sourceTree = "<group>"; };
		BD63852D237DD389009E9142 /* Assets.xcassets */ = {isa = PBXFileReference; lastKnownFileType = folder.assetcatalog; path = Assets.xcassets; sourceTree = "<group>"; };
		BD638530237DD389009E9142 /* Base */ = {isa = PBXFileReference; lastKnownFileType = file.storyboard; name = Base; path = Base.lproj/LaunchScreen.storyboard; sourceTree = "<group>"; };
		BD638532237DD389009E9142 /* Info.plist */ = {isa = PBXFileReference; lastKnownFileType = text.plist.xml; path = Info.plist; sourceTree = "<group>"; };
		BD638537237DD389009E9142 /* iOS9-ReviewMemoryTests.xctest */ = {isa = PBXFileReference; explicitFileType = wrapper.cfbundle; includeInIndex = 0; path = "iOS9-ReviewMemoryTests.xctest"; sourceTree = BUILT_PRODUCTS_DIR; };
		BD63853B237DD389009E9142 /* iOS9_ReviewMemoryTests.swift */ = {isa = PBXFileReference; lastKnownFileType = sourcecode.swift; path = iOS9_ReviewMemoryTests.swift; sourceTree = "<group>"; };
		BD63853D237DD389009E9142 /* Info.plist */ = {isa = PBXFileReference; lastKnownFileType = text.plist.xml; path = Info.plist; sourceTree = "<group>"; };
/* End PBXFileReference section */

/* Begin PBXFrameworksBuildPhase section */
		BD63851E237DD386009E9142 /* Frameworks */ = {
			isa = PBXFrameworksBuildPhase;
			buildActionMask = 2147483647;
			files = (
			);
			runOnlyForDeploymentPostprocessing = 0;
		};
		BD638534237DD389009E9142 /* Frameworks */ = {
			isa = PBXFrameworksBuildPhase;
			buildActionMask = 2147483647;
			files = (
			);
			runOnlyForDeploymentPostprocessing = 0;
		};
/* End PBXFrameworksBuildPhase section */

/* Begin PBXGroup section */
		BD638518237DD386009E9142 = {
			isa = PBXGroup;
			children = (
				BD638523237DD386009E9142 /* iOS9-ReviewMemory */,
				BD63853A237DD389009E9142 /* iOS9-ReviewMemoryTests */,
				BD638522237DD386009E9142 /* Products */,
			);
			sourceTree = "<group>";
		};
		BD638522237DD386009E9142 /* Products */ = {
			isa = PBXGroup;
			children = (
				BD638521237DD386009E9142 /* iOS9-ReviewMemory.app */,
				BD638537237DD389009E9142 /* iOS9-ReviewMemoryTests.xctest */,
			);
			name = Products;
			sourceTree = "<group>";
		};
		BD638523237DD386009E9142 /* iOS9-ReviewMemory */ = {
			isa = PBXGroup;
			children = (
				BD638524237DD386009E9142 /* AppDelegate.swift */,
				BD638526237DD386009E9142 /* SceneDelegate.swift */,
				BD638528237DD386009E9142 /* ViewController.swift */,
				BD63852A237DD386009E9142 /* Main.storyboard */,
				BD63852D237DD389009E9142 /* Assets.xcassets */,
				BD63852F237DD389009E9142 /* LaunchScreen.storyboard */,
				BD638532237DD389009E9142 /* Info.plist */,
			);
			path = "iOS9-ReviewMemory";
			sourceTree = "<group>";
		};
		BD63853A237DD389009E9142 /* iOS9-ReviewMemoryTests */ = {
			isa = PBXGroup;
			children = (
				BD63853B237DD389009E9142 /* iOS9_ReviewMemoryTests.swift */,
				BD63853D237DD389009E9142 /* Info.plist */,
			);
			path = "iOS9-ReviewMemoryTests";
			sourceTree = "<group>";
		};
/* End PBXGroup section */

/* Begin PBXNativeTarget section */
		BD638520237DD386009E9142 /* iOS9-ReviewMemory */ = {
			isa = PBXNativeTarget;
			buildConfigurationList = BD638540237DD389009E9142 /* Build configuration list for PBXNativeTarget "iOS9-ReviewMemory" */;
			buildPhases = (
				BD63851D237DD386009E9142 /* Sources */,
				BD63851E237DD386009E9142 /* Frameworks */,
				BD63851F237DD386009E9142 /* Resources */,
			);
			buildRules = (
			);
			dependencies = (
			);
			name = "iOS9-ReviewMemory";
			productName = "iOS9-ReviewMemory";
			productReference = BD638521237DD386009E9142 /* iOS9-ReviewMemory.app */;
			productType = "com.apple.product-type.application";
		};
		BD638536237DD389009E9142 /* iOS9-ReviewMemoryTests */ = {
			isa = PBXNativeTarget;
			buildConfigurationList = BD638543237DD389009E9142 /* Build configuration list for PBXNativeTarget "iOS9-ReviewMemoryTests" */;
			buildPhases = (
				BD638533237DD389009E9142 /* Sources */,
				BD638534237DD389009E9142 /* Frameworks */,
				BD638535237DD389009E9142 /* Resources */,
			);
			buildRules = (
			);
			dependencies = (
				BD638539237DD389009E9142 /* PBXTargetDependency */,
			);
			name = "iOS9-ReviewMemoryTests";
			productName = "iOS9-ReviewMemoryTests";
			productReference = BD638537237DD389009E9142 /* iOS9-ReviewMemoryTests.xctest */;
			productType = "com.apple.product-type.bundle.unit-test";
		};
/* End PBXNativeTarget section */

/* Begin PBXProject section */
		BD638519237DD386009E9142 /* Project object */ = {
			isa = PBXProject;
			attributes = {
				LastSwiftUpdateCheck = 1120;
				LastUpgradeCheck = 1120;
				ORGANIZATIONNAME = "Lambda, Inc";
				TargetAttributes = {
					BD638520237DD386009E9142 = {
						CreatedOnToolsVersion = 11.2.1;
					};
					BD638536237DD389009E9142 = {
						CreatedOnToolsVersion = 11.2.1;
						TestTargetID = BD638520237DD386009E9142;
					};
				};
			};
			buildConfigurationList = BD63851C237DD386009E9142 /* Build configuration list for PBXProject "iOS9-ReviewMemory" */;
			compatibilityVersion = "Xcode 9.3";
			developmentRegion = en;
			hasScannedForEncodings = 0;
			knownRegions = (
				en,
				Base,
			);
			mainGroup = BD638518237DD386009E9142;
			productRefGroup = BD638522237DD386009E9142 /* Products */;
			projectDirPath = "";
			projectRoot = "";
			targets = (
				BD638520237DD386009E9142 /* iOS9-ReviewMemory */,
				BD638536237DD389009E9142 /* iOS9-ReviewMemoryTests */,
			);
		};
/* End PBXProject section */

/* Begin PBXResourcesBuildPhase section */
		BD63851F237DD386009E9142 /* Resources */ = {
			isa = PBXResourcesBuildPhase;
			buildActionMask = 2147483647;
			files = (
				BD638531237DD389009E9142 /* LaunchScreen.storyboard in Resources */,
				BD63852E237DD389009E9142 /* Assets.xcassets in Resources */,
				BD63852C237DD386009E9142 /* Main.storyboard in Resources */,
			);
			runOnlyForDeploymentPostprocessing = 0;
		};
		BD638535237DD389009E9142 /* Resources */ = {
			isa = PBXResourcesBuildPhase;
			buildActionMask = 2147483647;
			files = (
			);
			runOnlyForDeploymentPostprocessing = 0;
		};
/* End PBXResourcesBuildPhase section */

/* Begin PBXSourcesBuildPhase section */
		BD63851D237DD386009E9142 /* Sources */ = {
			isa = PBXSourcesBuildPhase;
			buildActionMask = 2147483647;
			files = (
				BD638529237DD386009E9142 /* ViewController.swift in Sources */,
				BD638525237DD386009E9142 /* AppDelegate.swift in Sources */,
				BD638527237DD386009E9142 /* SceneDelegate.swift in Sources */,
			);
			runOnlyForDeploymentPostprocessing = 0;
		};
		BD638533237DD389009E9142 /* Sources */ = {
			isa = PBXSourcesBuildPhase;
			buildActionMask = 2147483647;
			files = (
				BD63853C237DD389009E9142 /* iOS9_ReviewMemoryTests.swift in Sources */,
			);
			runOnlyForDeploymentPostprocessing = 0;
		};
/* End PBXSourcesBuildPhase section */

/* Begin PBXTargetDependency section */
		BD638539237DD389009E9142 /* PBXTargetDependency */ = {
			isa = PBXTargetDependency;
			target = BD638520237DD386009E9142 /* iOS9-ReviewMemory */;
			targetProxy = BD638538237DD389009E9142 /* PBXContainerItemProxy */;
		};
/* End PBXTargetDependency section */

/* Begin PBXVariantGroup section */
		BD63852A237DD386009E9142 /* Main.storyboard */ = {
			isa = PBXVariantGroup;
			children = (
				BD63852B237DD386009E9142 /* Base */,
			);
			name = Main.storyboard;
			sourceTree = "<group>";
		};
		BD63852F237DD389009E9142 /* LaunchScreen.storyboard */ = {
			isa = PBXVariantGroup;
			children = (
				BD638530237DD389009E9142 /* Base */,
			);
			name = LaunchScreen.storyboard;
			sourceTree = "<group>";
		};
/* End PBXVariantGroup section */

/* Begin XCBuildConfiguration section */
		BD63853E237DD389009E9142 /* Debug */ = {
			isa = XCBuildConfiguration;
			buildSettings = {
				ALWAYS_SEARCH_USER_PATHS = NO;
				CLANG_ANALYZER_NONNULL = YES;
				CLANG_ANALYZER_NUMBER_OBJECT_CONVERSION = YES_AGGRESSIVE;
				CLANG_CXX_LANGUAGE_STANDARD = "gnu++14";
				CLANG_CXX_LIBRARY = "libc++";
				CLANG_ENABLE_MODULES = YES;
				CLANG_ENABLE_OBJC_ARC = YES;
				CLANG_ENABLE_OBJC_WEAK = YES;
				CLANG_WARN_BLOCK_CAPTURE_AUTORELEASING = YES;
				CLANG_WARN_BOOL_CONVERSION = YES;
				CLANG_WARN_COMMA = YES;
				CLANG_WARN_CONSTANT_CONVERSION = YES;
				CLANG_WARN_DEPRECATED_OBJC_IMPLEMENTATIONS = YES;
				CLANG_WARN_DIRECT_OBJC_ISA_USAGE = YES_ERROR;
				CLANG_WARN_DOCUMENTATION_COMMENTS = YES;
				CLANG_WARN_EMPTY_BODY = YES;
				CLANG_WARN_ENUM_CONVERSION = YES;
				CLANG_WARN_INFINITE_RECURSION = YES;
				CLANG_WARN_INT_CONVERSION = YES;
				CLANG_WARN_NON_LITERAL_NULL_CONVERSION = YES;
				CLANG_WARN_OBJC_IMPLICIT_RETAIN_SELF = YES;
				CLANG_WARN_OBJC_LITERAL_CONVERSION = YES;
				CLANG_WARN_OBJC_ROOT_CLASS = YES_ERROR;
				CLANG_WARN_RANGE_LOOP_ANALYSIS = YES;
				CLANG_WARN_STRICT_PROTOTYPES = YES;
				CLANG_WARN_SUSPICIOUS_MOVE = YES;
				CLANG_WARN_UNGUARDED_AVAILABILITY = YES_AGGRESSIVE;
				CLANG_WARN_UNREACHABLE_CODE = YES;
				CLANG_WARN__DUPLICATE_METHOD_MATCH = YES;
				COPY_PHASE_STRIP = NO;
				DEBUG_INFORMATION_FORMAT = dwarf;
				ENABLE_STRICT_OBJC_MSGSEND = YES;
				ENABLE_TESTABILITY = YES;
				GCC_C_LANGUAGE_STANDARD = gnu11;
				GCC_DYNAMIC_NO_PIC = NO;
				GCC_NO_COMMON_BLOCKS = YES;
				GCC_OPTIMIZATION_LEVEL = 0;
				GCC_PREPROCESSOR_DEFINITIONS = (
					"DEBUG=1",
					"$(inherited)",
				);
				GCC_WARN_64_TO_32_BIT_CONVERSION = YES;
				GCC_WARN_ABOUT_RETURN_TYPE = YES_ERROR;
				GCC_WARN_UNDECLARED_SELECTOR = YES;
				GCC_WARN_UNINITIALIZED_AUTOS = YES_AGGRESSIVE;
				GCC_WARN_UNUSED_FUNCTION = YES;
				GCC_WARN_UNUSED_VARIABLE = YES;
				IPHONEOS_DEPLOYMENT_TARGET = 13.2;
				MTL_ENABLE_DEBUG_INFO = INCLUDE_SOURCE;
				MTL_FAST_MATH = YES;
				ONLY_ACTIVE_ARCH = YES;
				SDKROOT = iphoneos;
				SWIFT_ACTIVE_COMPILATION_CONDITIONS = DEBUG;
				SWIFT_OPTIMIZATION_LEVEL = "-Onone";
			};
			name = Debug;
		};
		BD63853F237DD389009E9142 /* Release */ = {
			isa = XCBuildConfiguration;
			buildSettings = {
				ALWAYS_SEARCH_USER_PATHS = NO;
				CLANG_ANALYZER_NONNULL = YES;
				CLANG_ANALYZER_NUMBER_OBJECT_CONVERSION = YES_AGGRESSIVE;
				CLANG_CXX_LANGUAGE_STANDARD = "gnu++14";
				CLANG_CXX_LIBRARY = "libc++";
				CLANG_ENABLE_MODULES = YES;
				CLANG_ENABLE_OBJC_ARC = YES;
				CLANG_ENABLE_OBJC_WEAK = YES;
				CLANG_WARN_BLOCK_CAPTURE_AUTORELEASING = YES;
				CLANG_WARN_BOOL_CONVERSION = YES;
				CLANG_WARN_COMMA = YES;
				CLANG_WARN_CONSTANT_CONVERSION = YES;
				CLANG_WARN_DEPRECATED_OBJC_IMPLEMENTATIONS = YES;
				CLANG_WARN_DIRECT_OBJC_ISA_USAGE = YES_ERROR;
				CLANG_WARN_DOCUMENTATION_COMMENTS = YES;
				CLANG_WARN_EMPTY_BODY = YES;
				CLANG_WARN_ENUM_CONVERSION = YES;
				CLANG_WARN_INFINITE_RECURSION = YES;
				CLANG_WARN_INT_CONVERSION = YES;
				CLANG_WARN_NON_LITERAL_NULL_CONVERSION = YES;
				CLANG_WARN_OBJC_IMPLICIT_RETAIN_SELF = YES;
				CLANG_WARN_OBJC_LITERAL_CONVERSION = YES;
				CLANG_WARN_OBJC_ROOT_CLASS = YES_ERROR;
				CLANG_WARN_RANGE_LOOP_ANALYSIS = YES;
				CLANG_WARN_STRICT_PROTOTYPES = YES;
				CLANG_WARN_SUSPICIOUS_MOVE = YES;
				CLANG_WARN_UNGUARDED_AVAILABILITY = YES_AGGRESSIVE;
				CLANG_WARN_UNREACHABLE_CODE = YES;
				CLANG_WARN__DUPLICATE_METHOD_MATCH = YES;
				COPY_PHASE_STRIP = NO;
				DEBUG_INFORMATION_FORMAT = "dwarf-with-dsym";
				ENABLE_NS_ASSERTIONS = NO;
				ENABLE_STRICT_OBJC_MSGSEND = YES;
				GCC_C_LANGUAGE_STANDARD = gnu11;
				GCC_NO_COMMON_BLOCKS = YES;
				GCC_WARN_64_TO_32_BIT_CONVERSION = YES;
				GCC_WARN_ABOUT_RETURN_TYPE = YES_ERROR;
				GCC_WARN_UNDECLARED_SELECTOR = YES;
				GCC_WARN_UNINITIALIZED_AUTOS = YES_AGGRESSIVE;
				GCC_WARN_UNUSED_FUNCTION = YES;
				GCC_WARN_UNUSED_VARIABLE = YES;
				IPHONEOS_DEPLOYMENT_TARGET = 13.2;
				MTL_ENABLE_DEBUG_INFO = NO;
				MTL_FAST_MATH = YES;
				SDKROOT = iphoneos;
				SWIFT_COMPILATION_MODE = wholemodule;
				SWIFT_OPTIMIZATION_LEVEL = "-O";
				VALIDATE_PRODUCT = YES;
			};
			name = Release;
		};
		BD638541237DD389009E9142 /* Debug */ = {
			isa = XCBuildConfiguration;
			buildSettings = {
				ASSETCATALOG_COMPILER_APPICON_NAME = AppIcon;
				CODE_SIGN_STYLE = Automatic;
				DEVELOPMENT_TEAM = VXUQXR6S56;
				INFOPLIST_FILE = "iOS9-ReviewMemory/Info.plist";
				LD_RUNPATH_SEARCH_PATHS = (
					"$(inherited)",
					"@executable_path/Frameworks",
				);
				PRODUCT_BUNDLE_IDENTIFIER = "com.lambdaschool.iOS9-ReviewMemory";
				PRODUCT_NAME = "$(TARGET_NAME)";
				SWIFT_VERSION = 5.0;
				TARGETED_DEVICE_FAMILY = "1,2";
			};
			name = Debug;
		};
		BD638542237DD389009E9142 /* Release */ = {
			isa = XCBuildConfiguration;
			buildSettings = {
				ASSETCATALOG_COMPILER_APPICON_NAME = AppIcon;
				CODE_SIGN_STYLE = Automatic;
				DEVELOPMENT_TEAM = VXUQXR6S56;
				INFOPLIST_FILE = "iOS9-ReviewMemory/Info.plist";
				LD_RUNPATH_SEARCH_PATHS = (
					"$(inherited)",
					"@executable_path/Frameworks",
				);
				PRODUCT_BUNDLE_IDENTIFIER = "com.lambdaschool.iOS9-ReviewMemory";
				PRODUCT_NAME = "$(TARGET_NAME)";
				SWIFT_VERSION = 5.0;
				TARGETED_DEVICE_FAMILY = "1,2";
			};
			name = Release;
		};
		BD638544237DD389009E9142 /* Debug */ = {
			isa = XCBuildConfiguration;
			buildSettings = {
				ALWAYS_EMBED_SWIFT_STANDARD_LIBRARIES = YES;
				BUNDLE_LOADER = "$(TEST_HOST)";
				CODE_SIGN_STYLE = Automatic;
				DEVELOPMENT_TEAM = VXUQXR6S56;
				INFOPLIST_FILE = "iOS9-ReviewMemoryTests/Info.plist";
				IPHONEOS_DEPLOYMENT_TARGET = 13.2;
				LD_RUNPATH_SEARCH_PATHS = (
					"$(inherited)",
					"@executable_path/Frameworks",
					"@loader_path/Frameworks",
				);
				PRODUCT_BUNDLE_IDENTIFIER = "com.lambdaschool.iOS9-ReviewMemoryTests";
				PRODUCT_NAME = "$(TARGET_NAME)";
				SWIFT_VERSION = 5.0;
				TARGETED_DEVICE_FAMILY = "1,2";
				TEST_HOST = "$(BUILT_PRODUCTS_DIR)/iOS9-ReviewMemory.app/iOS9-ReviewMemory";
			};
			name = Debug;
		};
		BD638545237DD389009E9142 /* Release */ = {
			isa = XCBuildConfiguration;
			buildSettings = {
				ALWAYS_EMBED_SWIFT_STANDARD_LIBRARIES = YES;
				BUNDLE_LOADER = "$(TEST_HOST)";
				CODE_SIGN_STYLE = Automatic;
				DEVELOPMENT_TEAM = VXUQXR6S56;
				INFOPLIST_FILE = "iOS9-ReviewMemoryTests/Info.plist";
				IPHONEOS_DEPLOYMENT_TARGET = 13.2;
				LD_RUNPATH_SEARCH_PATHS = (
					"$(inherited)",
					"@executable_path/Frameworks",
					"@loader_path/Frameworks",
				);
				PRODUCT_BUNDLE_IDENTIFIER = "com.lambdaschool.iOS9-ReviewMemoryTests";
				PRODUCT_NAME = "$(TARGET_NAME)";
				SWIFT_VERSION = 5.0;
				TARGETED_DEVICE_FAMILY = "1,2";
				TEST_HOST = "$(BUILT_PRODUCTS_DIR)/iOS9-ReviewMemory.app/iOS9-ReviewMemory";
			};
			name = Release;
		};
/* End XCBuildConfiguration section */

/* Begin XCConfigurationList section */
		BD63851C237DD386009E9142 /* Build configuration list for PBXProject "iOS9-ReviewMemory" */ = {
			isa = XCConfigurationList;
			buildConfigurations = (
				BD63853E237DD389009E9142 /* Debug */,
				BD63853F237DD389009E9142 /* Release */,
			);
			defaultConfigurationIsVisible = 0;
			defaultConfigurationName = Release;
		};
		BD638540237DD389009E9142 /* Build configuration list for PBXNativeTarget "iOS9-ReviewMemory" */ = {
			isa = XCConfigurationList;
			buildConfigurations = (
				BD638541237DD389009E9142 /* Debug */,
				BD638542237DD389009E9142 /* Release */,
			);
			defaultConfigurationIsVisible = 0;
			defaultConfigurationName = Release;
		};
		BD638543237DD389009E9142 /* Build configuration list for PBXNativeTarget "iOS9-ReviewMemoryTests" */ = {
			isa = XCConfigurationList;
			buildConfigurations = (
				BD638544237DD389009E9142 /* Debug */,
				BD638545237DD389009E9142 /* Release */,
			);
			defaultConfigurationIsVisible = 0;
			defaultConfigurationName = Release;
		};
/* End XCConfigurationList section */
	};
	rootObject = BD638519237DD386009E9142 /* Project object */;
}
